
Microsoft Visual Studio Solution File, Format Version 12.00
# Visual Studio Version 17
VisualStudioVersion = 17.9.34723.18
MinimumVisualStudioVersion = 10.0.40219.1
Project("{FAE04EC0-301F-11D3-BF4B-00C04F79EFBC}") = "FintechApi", "FintechApi\FintechApi.csproj", "{6DD0994C-34B3-4438-9B1C-75C2E6F6F10F}"
EndProject
Global
	GlobalSection(SolutionConfigurationPlatforms) = preSolution
		Debug|Any CPU = Debug|Any CPU
		Release|Any CPU = Release|Any CPU
	EndGlobalSection
	GlobalSection(ProjectConfigurationPlatforms) = postSolution
		{6DD0994C-34B3-4438-9B1C-75C2E6F6F10F}.Debug|Any CPU.ActiveCfg = Debug|Any CPU
		{6DD0994C-34B3-4438-9B1C-75C2E6F6F10F}.Debug|Any CPU.Build.0 = Debug|Any CPU
		{6DD0994C-34B3-4438-9B1C-75C2E6F6F10F}.Release|Any CPU.ActiveCfg = Release|Any CPU
		{6DD0994C-34B3-4438-9B1C-75C2E6F6F10F}.Release|Any CPU.Build.0 = Release|Any CPU
	EndGlobalSection
	GlobalSection(SolutionProperties) = preSolution
		HideSolutionNode = FALSE
	EndGlobalSection
	GlobalSection(ExtensibilityGlobals) = postSolution
		SolutionGuid = {D2F8C6D2-F48D-4BE1-B9CF-E79D6AA2EA36}
	EndGlobalSection
EndGlobal
